
Microsoft Visual Studio Solution File, Format Version 12.00
# Visual Studio Version 17
VisualStudioVersion = 17.5.33530.505
MinimumVisualStudioVersion = 10.0.40219.1
Project("{FAE04EC0-301F-11D3-BF4B-00C04F79EFBC}") = "GITHUBWebApplication", "GITHUBWebApplication\GITHUBWebApplication.csproj", "{8BAAEBA7-22CB-4054-95CC-BB3E726E3658}"
EndProject
Global
	GlobalSection(SolutionConfigurationPlatforms) = preSolution
		Debug|Any CPU = Debug|Any CPU
		Release|Any CPU = Release|Any CPU
	EndGlobalSection
	GlobalSection(ProjectConfigurationPlatforms) = postSolution
		{8BAAEBA7-22CB-4054-95CC-BB3E726E3658}.Debug|Any CPU.ActiveCfg = Debug|Any CPU
		{8BAAEBA7-22CB-4054-95CC-BB3E726E3658}.Debug|Any CPU.Build.0 = Debug|Any CPU
		{8BAAEBA7-22CB-4054-95CC-BB3E726E3658}.Release|Any CPU.ActiveCfg = Release|Any CPU
		{8BAAEBA7-22CB-4054-95CC-BB3E726E3658}.Release|Any CPU.Build.0 = Release|Any CPU
	EndGlobalSection
	GlobalSection(SolutionProperties) = preSolution
		HideSolutionNode = FALSE
	EndGlobalSection
	GlobalSection(ExtensibilityGlobals) = postSolution
		SolutionGuid = {F764324E-DE78-45CC-B706-9F678D9FFD4A}
	EndGlobalSection
EndGlobal
